
Microsoft Visual Studio Solution File, Format Version 12.00
# Visual Studio Version 17
VisualStudioVersion = 17.11.35208.52
MinimumVisualStudioVersion = 10.0.40219.1
Project("{FAE04EC0-301F-11D3-BF4B-00C04F79EFBC}") = "Eje_3_ComisionesVendedor", "Eje_3_ComisionesVendedor\Eje_3_ComisionesVendedor.csproj", "{7DF24E70-D6EA-458B-880F-FD0D86269B93}"
EndProject
Global
	GlobalSection(SolutionConfigurationPlatforms) = preSolution
		Debug|Any CPU = Debug|Any CPU
		Release|Any CPU = Release|Any CPU
	EndGlobalSection
	GlobalSection(ProjectConfigurationPlatforms) = postSolution
		{7DF24E70-D6EA-458B-880F-FD0D86269B93}.Debug|Any CPU.ActiveCfg = Debug|Any CPU
		{7DF24E70-D6EA-458B-880F-FD0D86269B93}.Debug|Any CPU.Build.0 = Debug|Any CPU
		{7DF24E70-D6EA-458B-880F-FD0D86269B93}.Release|Any CPU.ActiveCfg = Release|Any CPU
		{7DF24E70-D6EA-458B-880F-FD0D86269B93}.Release|Any CPU.Build.0 = Release|Any CPU
	EndGlobalSection
	GlobalSection(SolutionProperties) = preSolution
		HideSolutionNode = FALSE
	EndGlobalSection
	GlobalSection(ExtensibilityGlobals) = postSolution
		SolutionGuid = {D35052BD-10E0-487E-B831-1321E0505ABD}
	EndGlobalSection
EndGlobal
