
Microsoft Visual Studio Solution File, Format Version 12.00
# Visual Studio Version 17
VisualStudioVersion = 17.11.35312.102
MinimumVisualStudioVersion = 10.0.40219.1
Project("{FAE04EC0-301F-11D3-BF4B-00C04F79EFBC}") = "Evaluacioin_Estudiantes", "Evaluacioin_Estudiantes\Evaluacioin_Estudiantes.csproj", "{301A4331-4F7A-48CD-9411-5529E8538F0A}"
EndProject
Global
	GlobalSection(SolutionConfigurationPlatforms) = preSolution
		Debug|Any CPU = Debug|Any CPU
		Release|Any CPU = Release|Any CPU
	EndGlobalSection
	GlobalSection(ProjectConfigurationPlatforms) = postSolution
		{301A4331-4F7A-48CD-9411-5529E8538F0A}.Debug|Any CPU.ActiveCfg = Debug|Any CPU
		{301A4331-4F7A-48CD-9411-5529E8538F0A}.Debug|Any CPU.Build.0 = Debug|Any CPU
		{301A4331-4F7A-48CD-9411-5529E8538F0A}.Release|Any CPU.ActiveCfg = Release|Any CPU
		{301A4331-4F7A-48CD-9411-5529E8538F0A}.Release|Any CPU.Build.0 = Release|Any CPU
	EndGlobalSection
	GlobalSection(SolutionProperties) = preSolution
		HideSolutionNode = FALSE
	EndGlobalSection
	GlobalSection(ExtensibilityGlobals) = postSolution
		SolutionGuid = {B355DE73-C52A-4244-A7D7-0ACDBD31F0AC}
	EndGlobalSection
EndGlobal
